
Microsoft Visual Studio Solution File, Format Version 12.00
# Visual Studio 15
VisualStudioVersion = 15.0.28307.168
MinimumVisualStudioVersion = 10.0.40219.1
Project("{FAE04EC0-301F-11D3-BF4B-00C04F79EFBC}") = "AtrophyWebAppAPI", "AtrophyWebAppAPI\AtrophyWebAppAPI.csproj", "{73558D1D-C129-4F6A-8100-41C846996405}"
EndProject
Project("{9092AA53-FB77-4645-B42D-1CCCA6BD08BD}") = "AtrophyWebAppUI", "AtrophyWebAppUI\AtrophyWebAppUI.njsproj", "{D787DAEE-80F3-46A1-8540-313A41A2484B}"
EndProject
Global
	GlobalSection(SolutionConfigurationPlatforms) = preSolution
		Debug|Any CPU = Debug|Any CPU
		Release|Any CPU = Release|Any CPU
	EndGlobalSection
	GlobalSection(ProjectConfigurationPlatforms) = postSolution
		{73558D1D-C129-4F6A-8100-41C846996405}.Debug|Any CPU.ActiveCfg = Debug|Any CPU
		{73558D1D-C129-4F6A-8100-41C846996405}.Debug|Any CPU.Build.0 = Debug|Any CPU
		{73558D1D-C129-4F6A-8100-41C846996405}.Release|Any CPU.ActiveCfg = Release|Any CPU
		{73558D1D-C129-4F6A-8100-41C846996405}.Release|Any CPU.Build.0 = Release|Any CPU
		{D787DAEE-80F3-46A1-8540-313A41A2484B}.Debug|Any CPU.ActiveCfg = Debug|Any CPU
		{D787DAEE-80F3-46A1-8540-313A41A2484B}.Debug|Any CPU.Build.0 = Debug|Any CPU
		{D787DAEE-80F3-46A1-8540-313A41A2484B}.Release|Any CPU.ActiveCfg = Release|Any CPU
		{D787DAEE-80F3-46A1-8540-313A41A2484B}.Release|Any CPU.Build.0 = Release|Any CPU
	EndGlobalSection
	GlobalSection(SolutionProperties) = preSolution
		HideSolutionNode = FALSE
	EndGlobalSection
	GlobalSection(ExtensibilityGlobals) = postSolution
		SolutionGuid = {FDB5E374-806E-4692-AC1D-F4C449C5BBD0}
	EndGlobalSection
EndGlobal
